{
  "name": "pi-memory",
  "lockfileVersion": 3,
  "requires": true,
  "packages": {
    "": {
      "name": "pi-memory",
      "dependencies": {
        "@tursodatabase/database": "^0.5.1"
      }
    },
    "node_modules/@tursodatabase/database": {
      "version": "0.5.1",
      "resolved": "https://registry.npmjs.org/@tursodatabase/database/-/database-0.5.1.tgz",
      "integrity": "sha512-U2Iohc/ed5b6bQvRCGm+hg3Kh8fC1ji4e7NdMU357Pj26J6Pdnn6nHX0fQT29bQVJsnsakmGMwA2wwG0TrktCA==",
      "license": "MIT",
      "dependencies": {
        "@tursodatabase/database-common": "^0.5.1"
      },
      "optionalDependencies": {
        "@tursodatabase/database-darwin-arm64": "0.5.1",
        "@tursodatabase/database-linux-arm64-gnu": "0.5.1",
        "@tursodatabase/database-linux-x64-gnu": "0.5.1",
        "@tursodatabase/database-win32-x64-msvc": "0.5.1"
      }
    },
    "node_modules/@tursodatabase/database-common": {
      "version": "0.5.1",
      "resolved": "https://registry.npmjs.org/@tursodatabase/database-common/-/database-common-0.5.1.tgz",
      "integrity": "sha512-GoF0NDEInuWShsH0N8S/M7NgSsmRJj0jFbhz1P1bjB2apjY+T9ddSQ5x/YELPB8k5pryFYHUpCNpAxgbIkNaog==",
      "license": "MIT"
    },
    "node_modules/@tursodatabase/database-darwin-arm64": {
      "version": "0.5.1",
      "resolved": "https://registry.npmjs.org/@tursodatabase/database-darwin-arm64/-/database-darwin-arm64-0.5.1.tgz",
      "integrity": "sha512-7ap9Y2y9xw/dUvEVt/6H2KpA17QrNQZTpN+hKlCLRlKd02Vt1rCJvtgw2f+pjjrvevtOeuMVHAFUiWLJZAHcLA==",
      "cpu": [
        "arm64"
      ],
      "license": "MIT",
      "optional": true,
      "os": [
        "darwin"
      ]
    },
    "node_modules/@tursodatabase/database-linux-arm64-gnu": {
      "version": "0.5.1",
      "resolved": "https://registry.npmjs.org/@tursodatabase/database-linux-arm64-gnu/-/database-linux-arm64-gnu-0.5.1.tgz",
      "integrity": "sha512-C02kk0VRlwNPP+lcjZ+3C255/M35wRXxvCHDL0QcTTFL2I4QoZk6HFUjnM6+PuxOxeoocIR65FaZXWxC1FwPvw==",
      "cpu": [
        "arm64"
      ],
      "license": "MIT",
      "optional": true,
      "os": [
        "linux"
      ]
    },
    "node_modules/@tursodatabase/database-linux-x64-gnu": {
      "version": "0.5.1",
      "resolved": "https://registry.npmjs.org/@tursodatabase/database-linux-x64-gnu/-/database-linux-x64-gnu-0.5.1.tgz",
      "integrity": "sha512-K0AKfmtwhz6KhW/6yXorJqGKlucSlnQLPwJQsCBe1eC/t/wuMXaPPrA9T03G3a0nuLWz5QCfAuamcU/tB88fyA==",
      "cpu": [
        "x64"
      ],
      "license": "MIT",
      "optional": true,
      "os": [
        "linux"
      ]
    },
    "node_modules/@tursodatabase/database-win32-x64-msvc": {
      "version": "0.5.1",
      "resolved": "https://registry.npmjs.org/@tursodatabase/database-win32-x64-msvc/-/database-win32-x64-msvc-0.5.1.tgz",
      "integrity": "sha512-mfzjhAhlfjR1eug53Ap5ZaDHBERjgQyaSxRgSR9OLjPeKPdjvFDxfNDdiA6I2KY7sANm4+BhYfg+HSwWKwyAfA==",
      "cpu": [
        "x64"
      ],
      "license": "MIT",
      "optional": true,
      "os": [
        "win32"
      ]
    }
  }
}
